// !$*UTF8*$!
{
	archiveVersion = 1;
	classes = {
	};
	objectVersion = 50;
	objects = {

/* Begin PBXBuildFile section */
		46AFA49A225289B20087CC55 /* AppDelegate.swift in Sources */ = {isa = PBXBuildFile; fileRef = 46AFA499225289B20087CC55 /* AppDelegate.swift */; };
		46AFA49C225289B20087CC55 /* ViewController.swift in Sources */ = {isa = PBXBuildFile; fileRef = 46AFA49B225289B20087CC55 /* ViewController.swift */; };
		46AFA49F225289B30087CC55 /* Main.storyboard in Resources */ = {isa = PBXBuildFile; fileRef = 46AFA49D225289B30087CC55 /* Main.storyboard */; };
		46AFA4A2225289B30087CC55 /* OMDBClient.xcdatamodeld in Sources */ = {isa = PBXBuildFile; fileRef = 46AFA4A0225289B30087CC55 /* OMDBClient.xcdatamodeld */; };
		46AFA4A4225289B50087CC55 /* Assets.xcassets in Resources */ = {isa = PBXBuildFile; fileRef = 46AFA4A3225289B50087CC55 /* Assets.xcassets */; };
		46AFA4A7225289B50087CC55 /* LaunchScreen.storyboard in Resources */ = {isa = PBXBuildFile; fileRef = 46AFA4A5225289B50087CC55 /* LaunchScreen.storyboard */; };
		46AFA4B2225289B50087CC55 /* OMDBClientTests.swift in Sources */ = {isa = PBXBuildFile; fileRef = 46AFA4B1225289B50087CC55 /* OMDBClientTests.swift */; };
		46AFA4BD2253CC1B0087CC55 /* MediaCell.swift in Sources */ = {isa = PBXBuildFile; fileRef = 46AFA4BC2253CC1B0087CC55 /* MediaCell.swift */; };
		46AFA4BF2253D3CA0087CC55 /* OMDBModel.swift in Sources */ = {isa = PBXBuildFile; fileRef = 46AFA4BE2253D3CA0087CC55 /* OMDBModel.swift */; };
		46AFA4C1225752110087CC55 /* ImageDownloader.swift in Sources */ = {isa = PBXBuildFile; fileRef = 46AFA4C0225752110087CC55 /* ImageDownloader.swift */; };
		46AFA4C3225782660087CC55 /* ImageManager.swift in Sources */ = {isa = PBXBuildFile; fileRef = 46AFA4C2225782660087CC55 /* ImageManager.swift */; };
		46AFA4C52258B4B90087CC55 /* OMDBModelTests.swift in Sources */ = {isa = PBXBuildFile; fileRef = 46AFA4C42258B4B90087CC55 /* OMDBModelTests.swift */; };
		46C058722259FE2E00D0C130 /* OMDBClient.swift in Sources */ = {isa = PBXBuildFile; fileRef = 46C058712259FE2E00D0C130 /* OMDBClient.swift */; };
/* End PBXBuildFile section */

/* Begin PBXContainerItemProxy section */
		46AFA4AE225289B50087CC55 /* PBXContainerItemProxy */ = {
			isa = PBXContainerItemProxy;
			containerPortal = 46AFA48E225289B20087CC55 /* Project object */;
			proxyType = 1;
			remoteGlobalIDString = 46AFA495225289B20087CC55;
			remoteInfo = OMDBClient;
		};
/* End PBXContainerItemProxy section */

/* Begin PBXFileReference section */
		46AFA496225289B20087CC55 /* OMDBClient.app */ = {isa = PBXFileReference; explicitFileType = wrapper.application; includeInIndex = 0; path = OMDBClient.app; sourceTree = BUILT_PRODUCTS_DIR; };
		46AFA499225289B20087CC55 /* AppDelegate.swift */ = {isa = PBXFileReference; lastKnownFileType = sourcecode.swift; path = AppDelegate.swift; sourceTree = "<group>"; };
		46AFA49B225289B20087CC55 /* ViewController.swift */ = {isa = PBXFileReference; lastKnownFileType = sourcecode.swift; path = ViewController.swift; sourceTree = "<group>"; };
		46AFA49E225289B30087CC55 /* Base */ = {isa = PBXFileReference; lastKnownFileType = file.storyboard; name = Base; path = Base.lproj/Main.storyboard; sourceTree = "<group>"; };
		46AFA4A1225289B30087CC55 /* OMDBClient.xcdatamodel */ = {isa = PBXFileReference; lastKnownFileType = wrapper.xcdatamodel; path = OMDBClient.xcdatamodel; sourceTree = "<group>"; };
		46AFA4A3225289B50087CC55 /* Assets.xcassets */ = {isa = PBXFileReference; lastKnownFileType = folder.assetcatalog; path = Assets.xcassets; sourceTree = "<group>"; };
		46AFA4A6225289B50087CC55 /* Base */ = {isa = PBXFileReference; lastKnownFileType = file.storyboard; name = Base; path = Base.lproj/LaunchScreen.storyboard; sourceTree = "<group>"; };
		46AFA4A8225289B50087CC55 /* Info.plist */ = {isa = PBXFileReference; lastKnownFileType = text.plist.xml; path = Info.plist; sourceTree = "<group>"; };
		46AFA4AD225289B50087CC55 /* OMDBClientTests.xctest */ = {isa = PBXFileReference; explicitFileType = wrapper.cfbundle; includeInIndex = 0; path = OMDBClientTests.xctest; sourceTree = BUILT_PRODUCTS_DIR; };
		46AFA4B1225289B50087CC55 /* OMDBClientTests.swift */ = {isa = PBXFileReference; lastKnownFileType = sourcecode.swift; path = OMDBClientTests.swift; sourceTree = "<group>"; };
		46AFA4B3225289B50087CC55 /* Info.plist */ = {isa = PBXFileReference; lastKnownFileType = text.plist.xml; path = Info.plist; sourceTree = "<group>"; };
		46AFA4BC2253CC1B0087CC55 /* MediaCell.swift */ = {isa = PBXFileReference; lastKnownFileType = sourcecode.swift; path = MediaCell.swift; sourceTree = "<group>"; };
		46AFA4BE2253D3CA0087CC55 /* OMDBModel.swift */ = {isa = PBXFileReference; lastKnownFileType = sourcecode.swift; path = OMDBModel.swift; sourceTree = "<group>"; };
		46AFA4C0225752110087CC55 /* ImageDownloader.swift */ = {isa = PBXFileReference; lastKnownFileType = sourcecode.swift; path = ImageDownloader.swift; sourceTree = "<group>"; };
		46AFA4C2225782660087CC55 /* ImageManager.swift */ = {isa = PBXFileReference; lastKnownFileType = sourcecode.swift; path = ImageManager.swift; sourceTree = "<group>"; };
		46AFA4C42258B4B90087CC55 /* OMDBModelTests.swift */ = {isa = PBXFileReference; lastKnownFileType = sourcecode.swift; path = OMDBModelTests.swift; sourceTree = "<group>"; };
		46C058712259FE2E00D0C130 /* OMDBClient.swift */ = {isa = PBXFileReference; lastKnownFileType = sourcecode.swift; path = OMDBClient.swift; sourceTree = "<group>"; };
/* End PBXFileReference section */

/* Begin PBXFrameworksBuildPhase section */
		46AFA493225289B20087CC55 /* Frameworks */ = {
			isa = PBXFrameworksBuildPhase;
			buildActionMask = 2147483647;
			files = (
			);
			runOnlyForDeploymentPostprocessing = 0;
		};
		46AFA4AA225289B50087CC55 /* Frameworks */ = {
			isa = PBXFrameworksBuildPhase;
			buildActionMask = 2147483647;
			files = (
			);
			runOnlyForDeploymentPostprocessing = 0;
		};
/* End PBXFrameworksBuildPhase section */

/* Begin PBXGroup section */
		46AFA48D225289B20087CC55 = {
			isa = PBXGroup;
			children = (
				46AFA498225289B20087CC55 /* OMDBClient */,
				46AFA4B0225289B50087CC55 /* OMDBClientTests */,
				46AFA497225289B20087CC55 /* Products */,
			);
			sourceTree = "<group>";
		};
		46AFA497225289B20087CC55 /* Products */ = {
			isa = PBXGroup;
			children = (
				46AFA496225289B20087CC55 /* OMDBClient.app */,
				46AFA4AD225289B50087CC55 /* OMDBClientTests.xctest */,
			);
			name = Products;
			sourceTree = "<group>";
		};
		46AFA498225289B20087CC55 /* OMDBClient */ = {
			isa = PBXGroup;
			children = (
				46C058702259FE1C00D0C130 /* API */,
				46AFA499225289B20087CC55 /* AppDelegate.swift */,
				46AFA49B225289B20087CC55 /* ViewController.swift */,
				46AFA49D225289B30087CC55 /* Main.storyboard */,
				46AFA4A3225289B50087CC55 /* Assets.xcassets */,
				46AFA4A5225289B50087CC55 /* LaunchScreen.storyboard */,
				46AFA4A8225289B50087CC55 /* Info.plist */,
				46AFA4A0225289B30087CC55 /* OMDBClient.xcdatamodeld */,
				46AFA4BC2253CC1B0087CC55 /* MediaCell.swift */,
				46AFA4BE2253D3CA0087CC55 /* OMDBModel.swift */,
				46AFA4C0225752110087CC55 /* ImageDownloader.swift */,
				46AFA4C2225782660087CC55 /* ImageManager.swift */,
			);
			path = OMDBClient;
			sourceTree = "<group>";
		};
		46AFA4B0225289B50087CC55 /* OMDBClientTests */ = {
			isa = PBXGroup;
			children = (
				46AFA4B1225289B50087CC55 /* OMDBClientTests.swift */,
				46AFA4B3225289B50087CC55 /* Info.plist */,
				46AFA4C42258B4B90087CC55 /* OMDBModelTests.swift */,
			);
			path = OMDBClientTests;
			sourceTree = "<group>";
		};
		46C058702259FE1C00D0C130 /* API */ = {
			isa = PBXGroup;
			children = (
				46C058712259FE2E00D0C130 /* OMDBClient.swift */,
			);
			path = API;
			sourceTree = "<group>";
		};
/* End PBXGroup section */

/* Begin PBXNativeTarget section */
		46AFA495225289B20087CC55 /* OMDBClient */ = {
			isa = PBXNativeTarget;
			buildConfigurationList = 46AFA4B6225289B50087CC55 /* Build configuration list for PBXNativeTarget "OMDBClient" */;
			buildPhases = (
				46AFA492225289B20087CC55 /* Sources */,
				46AFA493225289B20087CC55 /* Frameworks */,
				46AFA494225289B20087CC55 /* Resources */,
			);
			buildRules = (
			);
			dependencies = (
			);
			name = OMDBClient;
			productName = OMDBClient;
			productReference = 46AFA496225289B20087CC55 /* OMDBClient.app */;
			productType = "com.apple.product-type.application";
		};
		46AFA4AC225289B50087CC55 /* OMDBClientTests */ = {
			isa = PBXNativeTarget;
			buildConfigurationList = 46AFA4B9225289B50087CC55 /* Build configuration list for PBXNativeTarget "OMDBClientTests" */;
			buildPhases = (
				46AFA4A9225289B50087CC55 /* Sources */,
				46AFA4AA225289B50087CC55 /* Frameworks */,
				46AFA4AB225289B50087CC55 /* Resources */,
			);
			buildRules = (
			);
			dependencies = (
				46AFA4AF225289B50087CC55 /* PBXTargetDependency */,
			);
			name = OMDBClientTests;
			productName = OMDBClientTests;
			productReference = 46AFA4AD225289B50087CC55 /* OMDBClientTests.xctest */;
			productType = "com.apple.product-type.bundle.unit-test";
		};
/* End PBXNativeTarget section */

/* Begin PBXProject section */
		46AFA48E225289B20087CC55 /* Project object */ = {
			isa = PBXProject;
			attributes = {
				LastSwiftUpdateCheck = 1010;
				LastUpgradeCheck = 1010;
				ORGANIZATIONNAME = Amandeep;
				TargetAttributes = {
					46AFA495225289B20087CC55 = {
						CreatedOnToolsVersion = 10.1;
					};
					46AFA4AC225289B50087CC55 = {
						CreatedOnToolsVersion = 10.1;
						TestTargetID = 46AFA495225289B20087CC55;
					};
				};
			};
			buildConfigurationList = 46AFA491225289B20087CC55 /* Build configuration list for PBXProject "OMDBClient" */;
			compatibilityVersion = "Xcode 9.3";
			developmentRegion = en;
			hasScannedForEncodings = 0;
			knownRegions = (
				en,
				Base,
			);
			mainGroup = 46AFA48D225289B20087CC55;
			productRefGroup = 46AFA497225289B20087CC55 /* Products */;
			projectDirPath = "";
			projectRoot = "";
			targets = (
				46AFA495225289B20087CC55 /* OMDBClient */,
				46AFA4AC225289B50087CC55 /* OMDBClientTests */,
			);
		};
/* End PBXProject section */

/* Begin PBXResourcesBuildPhase section */
		46AFA494225289B20087CC55 /* Resources */ = {
			isa = PBXResourcesBuildPhase;
			buildActionMask = 2147483647;
			files = (
				46AFA4A7225289B50087CC55 /* LaunchScreen.storyboard in Resources */,
				46AFA4A4225289B50087CC55 /* Assets.xcassets in Resources */,
				46AFA49F225289B30087CC55 /* Main.storyboard in Resources */,
			);
			runOnlyForDeploymentPostprocessing = 0;
		};
		46AFA4AB225289B50087CC55 /* Resources */ = {
			isa = PBXResourcesBuildPhase;
			buildActionMask = 2147483647;
			files = (
			);
			runOnlyForDeploymentPostprocessing = 0;
		};
/* End PBXResourcesBuildPhase section */

/* Begin PBXSourcesBuildPhase section */
		46AFA492225289B20087CC55 /* Sources */ = {
			isa = PBXSourcesBuildPhase;
			buildActionMask = 2147483647;
			files = (
				46AFA4BF2253D3CA0087CC55 /* OMDBModel.swift in Sources */,
				46AFA4A2225289B30087CC55 /* OMDBClient.xcdatamodeld in Sources */,
				46AFA4C3225782660087CC55 /* ImageManager.swift in Sources */,
				46AFA49C225289B20087CC55 /* ViewController.swift in Sources */,
				46C058722259FE2E00D0C130 /* OMDBClient.swift in Sources */,
				46AFA4BD2253CC1B0087CC55 /* MediaCell.swift in Sources */,
				46AFA4C1225752110087CC55 /* ImageDownloader.swift in Sources */,
				46AFA49A225289B20087CC55 /* AppDelegate.swift in Sources */,
			);
			runOnlyForDeploymentPostprocessing = 0;
		};
		46AFA4A9225289B50087CC55 /* Sources */ = {
			isa = PBXSourcesBuildPhase;
			buildActionMask = 2147483647;
			files = (
				46AFA4B2225289B50087CC55 /* OMDBClientTests.swift in Sources */,
				46AFA4C52258B4B90087CC55 /* OMDBModelTests.swift in Sources */,
			);
			runOnlyForDeploymentPostprocessing = 0;
		};
/* End PBXSourcesBuildPhase section */

/* Begin PBXTargetDependency section */
		46AFA4AF225289B50087CC55 /* PBXTargetDependency */ = {
			isa = PBXTargetDependency;
			target = 46AFA495225289B20087CC55 /* OMDBClient */;
			targetProxy = 46AFA4AE225289B50087CC55 /* PBXContainerItemProxy */;
		};
/* End PBXTargetDependency section */

/* Begin PBXVariantGroup section */
		46AFA49D225289B30087CC55 /* Main.storyboard */ = {
			isa = PBXVariantGroup;
			children = (
				46AFA49E225289B30087CC55 /* Base */,
			);
			name = Main.storyboard;
			sourceTree = "<group>";
		};
		46AFA4A5225289B50087CC55 /* LaunchScreen.storyboard */ = {
			isa = PBXVariantGroup;
			children = (
				46AFA4A6225289B50087CC55 /* Base */,
			);
			name = LaunchScreen.storyboard;
			sourceTree = "<group>";
		};
/* End PBXVariantGroup section */

/* Begin XCBuildConfiguration section */
		46AFA4B4225289B50087CC55 /* Debug */ = {
			isa = XCBuildConfiguration;
			buildSettings = {
				ALWAYS_SEARCH_USER_PATHS = NO;
				CLANG_ANALYZER_NONNULL = YES;
				CLANG_ANALYZER_NUMBER_OBJECT_CONVERSION = YES_AGGRESSIVE;
				CLANG_CXX_LANGUAGE_STANDARD = "gnu++14";
				CLANG_CXX_LIBRARY = "libc++";
				CLANG_ENABLE_MODULES = YES;
				CLANG_ENABLE_OBJC_ARC = YES;
				CLANG_ENABLE_OBJC_WEAK = YES;
				CLANG_WARN_BLOCK_CAPTURE_AUTORELEASING = YES;
				CLANG_WARN_BOOL_CONVERSION = YES;
				CLANG_WARN_COMMA = YES;
				CLANG_WARN_CONSTANT_CONVERSION = YES;
				CLANG_WARN_DEPRECATED_OBJC_IMPLEMENTATIONS = YES;
				CLANG_WARN_DIRECT_OBJC_ISA_USAGE = YES_ERROR;
				CLANG_WARN_DOCUMENTATION_COMMENTS = YES;
				CLANG_WARN_EMPTY_BODY = YES;
				CLANG_WARN_ENUM_CONVERSION = YES;
				CLANG_WARN_INFINITE_RECURSION = YES;
				CLANG_WARN_INT_CONVERSION = YES;
				CLANG_WARN_NON_LITERAL_NULL_CONVERSION = YES;
				CLANG_WARN_OBJC_IMPLICIT_RETAIN_SELF = YES;
				CLANG_WARN_OBJC_LITERAL_CONVERSION = YES;
				CLANG_WARN_OBJC_ROOT_CLASS = YES_ERROR;
				CLANG_WARN_RANGE_LOOP_ANALYSIS = YES;
				CLANG_WARN_STRICT_PROTOTYPES = YES;
				CLANG_WARN_SUSPICIOUS_MOVE = YES;
				CLANG_WARN_UNGUARDED_AVAILABILITY = YES_AGGRESSIVE;
				CLANG_WARN_UNREACHABLE_CODE = YES;
				CLANG_WARN__DUPLICATE_METHOD_MATCH = YES;
				CODE_SIGN_IDENTITY = "iPhone Developer";
				COPY_PHASE_STRIP = NO;
				DEBUG_INFORMATION_FORMAT = dwarf;
				ENABLE_STRICT_OBJC_MSGSEND = YES;
				ENABLE_TESTABILITY = YES;
				GCC_C_LANGUAGE_STANDARD = gnu11;
				GCC_DYNAMIC_NO_PIC = NO;
				GCC_NO_COMMON_BLOCKS = YES;
				GCC_OPTIMIZATION_LEVEL = 0;
				GCC_PREPROCESSOR_DEFINITIONS = (
					"DEBUG=1",
					"$(inherited)",
				);
				GCC_WARN_64_TO_32_BIT_CONVERSION = YES;
				GCC_WARN_ABOUT_RETURN_TYPE = YES_ERROR;
				GCC_WARN_UNDECLARED_SELECTOR = YES;
				GCC_WARN_UNINITIALIZED_AUTOS = YES_AGGRESSIVE;
				GCC_WARN_UNUSED_FUNCTION = YES;
				GCC_WARN_UNUSED_VARIABLE = YES;
				IPHONEOS_DEPLOYMENT_TARGET = 12.1;
				MTL_ENABLE_DEBUG_INFO = INCLUDE_SOURCE;
				MTL_FAST_MATH = YES;
				ONLY_ACTIVE_ARCH = YES;
				SDKROOT = iphoneos;
				SWIFT_ACTIVE_COMPILATION_CONDITIONS = DEBUG;
				SWIFT_OPTIMIZATION_LEVEL = "-Onone";
			};
			name = Debug;
		};
		46AFA4B5225289B50087CC55 /* Release */ = {
			isa = XCBuildConfiguration;
			buildSettings = {
				ALWAYS_SEARCH_USER_PATHS = NO;
				CLANG_ANALYZER_NONNULL = YES;
				CLANG_ANALYZER_NUMBER_OBJECT_CONVERSION = YES_AGGRESSIVE;
				CLANG_CXX_LANGUAGE_STANDARD = "gnu++14";
				CLANG_CXX_LIBRARY = "libc++";
				CLANG_ENABLE_MODULES = YES;
				CLANG_ENABLE_OBJC_ARC = YES;
				CLANG_ENABLE_OBJC_WEAK = YES;
				CLANG_WARN_BLOCK_CAPTURE_AUTORELEASING = YES;
				CLANG_WARN_BOOL_CONVERSION = YES;
				CLANG_WARN_COMMA = YES;
				CLANG_WARN_CONSTANT_CONVERSION = YES;
				CLANG_WARN_DEPRECATED_OBJC_IMPLEMENTATIONS = YES;
				CLANG_WARN_DIRECT_OBJC_ISA_USAGE = YES_ERROR;
				CLANG_WARN_DOCUMENTATION_COMMENTS = YES;
				CLANG_WARN_EMPTY_BODY = YES;
				CLANG_WARN_ENUM_CONVERSION = YES;
				CLANG_WARN_INFINITE_RECURSION = YES;
				CLANG_WARN_INT_CONVERSION = YES;
				CLANG_WARN_NON_LITERAL_NULL_CONVERSION = YES;
				CLANG_WARN_OBJC_IMPLICIT_RETAIN_SELF = YES;
				CLANG_WARN_OBJC_LITERAL_CONVERSION = YES;
				CLANG_WARN_OBJC_ROOT_CLASS = YES_ERROR;
				CLANG_WARN_RANGE_LOOP_ANALYSIS = YES;
				CLANG_WARN_STRICT_PROTOTYPES = YES;
				CLANG_WARN_SUSPICIOUS_MOVE = YES;
				CLANG_WARN_UNGUARDED_AVAILABILITY = YES_AGGRESSIVE;
				CLANG_WARN_UNREACHABLE_CODE = YES;
				CLANG_WARN__DUPLICATE_METHOD_MATCH = YES;
				CODE_SIGN_IDENTITY = "iPhone Developer";
				COPY_PHASE_STRIP = NO;
				DEBUG_INFORMATION_FORMAT = "dwarf-with-dsym";
				ENABLE_NS_ASSERTIONS = NO;
				ENABLE_STRICT_OBJC_MSGSEND = YES;
				GCC_C_LANGUAGE_STANDARD = gnu11;
				GCC_NO_COMMON_BLOCKS = YES;
				GCC_WARN_64_TO_32_BIT_CONVERSION = YES;
				GCC_WARN_ABOUT_RETURN_TYPE = YES_ERROR;
				GCC_WARN_UNDECLARED_SELECTOR = YES;
				GCC_WARN_UNINITIALIZED_AUTOS = YES_AGGRESSIVE;
				GCC_WARN_UNUSED_FUNCTION = YES;
				GCC_WARN_UNUSED_VARIABLE = YES;
				IPHONEOS_DEPLOYMENT_TARGET = 12.1;
				MTL_ENABLE_DEBUG_INFO = NO;
				MTL_FAST_MATH = YES;
				SDKROOT = iphoneos;
				SWIFT_COMPILATION_MODE = wholemodule;
				SWIFT_OPTIMIZATION_LEVEL = "-O";
				VALIDATE_PRODUCT = YES;
			};
			name = Release;
		};
		46AFA4B7225289B50087CC55 /* Debug */ = {
			isa = XCBuildConfiguration;
			buildSettings = {
				ASSETCATALOG_COMPILER_APPICON_NAME = AppIcon;
				CODE_SIGN_STYLE = Automatic;
				DEBUG_INFORMATION_FORMAT = "dwarf-with-dsym";
				DEVELOPMENT_TEAM = S2ESBB47H5;
				INFOPLIST_FILE = OMDBClient/Info.plist;
				LD_RUNPATH_SEARCH_PATHS = (
					"$(inherited)",
					"@executable_path/Frameworks",
				);
				PRODUCT_BUNDLE_IDENTIFIER = aman.OMDBClient;
				PRODUCT_NAME = "$(TARGET_NAME)";
				SWIFT_VERSION = 4.2;
				TARGETED_DEVICE_FAMILY = "1,2";
			};
			name = Debug;
		};
		46AFA4B8225289B50087CC55 /* Release */ = {
			isa = XCBuildConfiguration;
			buildSettings = {
				ASSETCATALOG_COMPILER_APPICON_NAME = AppIcon;
				CODE_SIGN_STYLE = Automatic;
				DEVELOPMENT_TEAM = S2ESBB47H5;
				INFOPLIST_FILE = OMDBClient/Info.plist;
				LD_RUNPATH_SEARCH_PATHS = (
					"$(inherited)",
					"@executable_path/Frameworks",
				);
				PRODUCT_BUNDLE_IDENTIFIER = aman.OMDBClient;
				PRODUCT_NAME = "$(TARGET_NAME)";
				SWIFT_VERSION = 4.2;
				TARGETED_DEVICE_FAMILY = "1,2";
			};
			name = Release;
		};
		46AFA4BA225289B50087CC55 /* Debug */ = {
			isa = XCBuildConfiguration;
			buildSettings = {
				ALWAYS_EMBED_SWIFT_STANDARD_LIBRARIES = YES;
				BUNDLE_LOADER = "$(TEST_HOST)";
				CODE_SIGN_STYLE = Automatic;
				DEVELOPMENT_TEAM = S2ESBB47H5;
				INFOPLIST_FILE = OMDBClientTests/Info.plist;
				LD_RUNPATH_SEARCH_PATHS = (
					"$(inherited)",
					"@executable_path/Frameworks",
					"@loader_path/Frameworks",
				);
				PRODUCT_BUNDLE_IDENTIFIER = aman.OMDBClientTests;
				PRODUCT_NAME = "$(TARGET_NAME)";
				SWIFT_VERSION = 4.2;
				TARGETED_DEVICE_FAMILY = "1,2";
				TEST_HOST = "$(BUILT_PRODUCTS_DIR)/OMDBClient.app/OMDBClient";
			};
			name = Debug;
		};
		46AFA4BB225289B50087CC55 /* Release */ = {
			isa = XCBuildConfiguration;
			buildSettings = {
				ALWAYS_EMBED_SWIFT_STANDARD_LIBRARIES = YES;
				BUNDLE_LOADER = "$(TEST_HOST)";
				CODE_SIGN_STYLE = Automatic;
				DEVELOPMENT_TEAM = S2ESBB47H5;
				INFOPLIST_FILE = OMDBClientTests/Info.plist;
				LD_RUNPATH_SEARCH_PATHS = (
					"$(inherited)",
					"@executable_path/Frameworks",
					"@loader_path/Frameworks",
				);
				PRODUCT_BUNDLE_IDENTIFIER = aman.OMDBClientTests;
				PRODUCT_NAME = "$(TARGET_NAME)";
				SWIFT_VERSION = 4.2;
				TARGETED_DEVICE_FAMILY = "1,2";
				TEST_HOST = "$(BUILT_PRODUCTS_DIR)/OMDBClient.app/OMDBClient";
			};
			name = Release;
		};
/* End XCBuildConfiguration section */

/* Begin XCConfigurationList section */
		46AFA491225289B20087CC55 /* Build configuration list for PBXProject "OMDBClient" */ = {
			isa = XCConfigurationList;
			buildConfigurations = (
				46AFA4B4225289B50087CC55 /* Debug */,
				46AFA4B5225289B50087CC55 /* Release */,
			);
			defaultConfigurationIsVisible = 0;
			defaultConfigurationName = Release;
		};
		46AFA4B6225289B50087CC55 /* Build configuration list for PBXNativeTarget "OMDBClient" */ = {
			isa = XCConfigurationList;
			buildConfigurations = (
				46AFA4B7225289B50087CC55 /* Debug */,
				46AFA4B8225289B50087CC55 /* Release */,
			);
			defaultConfigurationIsVisible = 0;
			defaultConfigurationName = Release;
		};
		46AFA4B9225289B50087CC55 /* Build configuration list for PBXNativeTarget "OMDBClientTests" */ = {
			isa = XCConfigurationList;
			buildConfigurations = (
				46AFA4BA225289B50087CC55 /* Debug */,
				46AFA4BB225289B50087CC55 /* Release */,
			);
			defaultConfigurationIsVisible = 0;
			defaultConfigurationName = Release;
		};
/* End XCConfigurationList section */

/* Begin XCVersionGroup section */
		46AFA4A0225289B30087CC55 /* OMDBClient.xcdatamodeld */ = {
			isa = XCVersionGroup;
			children = (
				46AFA4A1225289B30087CC55 /* OMDBClient.xcdatamodel */,
			);
			currentVersion = 46AFA4A1225289B30087CC55 /* OMDBClient.xcdatamodel */;
			path = OMDBClient.xcdatamodeld;
			sourceTree = "<group>";
			versionGroupType = wrapper.xcdatamodel;
		};
/* End XCVersionGroup section */
	};
	rootObject = 46AFA48E225289B20087CC55 /* Project object */;
}
